
Microsoft Visual Studio Solution File, Format Version 12.00
# Visual Studio Version 17
VisualStudioVersion = 17.2.32210.308
MinimumVisualStudioVersion = 10.0.40219.1
Project("{9A19103F-16F7-4668-BE54-9A1E7A4F7556}") = "Demo.Logging.Seq", "Demo.Logging.Seq\Demo.Logging.Seq.csproj", "{3A71EAC0-BFC4-4F45-AE64-EFABA8D53757}"
EndProject
Project("{2150E333-8FDC-42A3-9474-1A3956D46DE8}") = "Solution Items", "Solution Items", "{8F09890E-D74D-4E25-A842-E20EE502B195}"
	ProjectSection(SolutionItems) = preProject
		docker-compose.yml = docker-compose.yml
		README.md = README.md
	EndProjectSection
EndProject
Project("{E53339B2-1760-4266-BCC7-CA923CBCF16C}") = "docker-compose", "docker-compose.dcproj", "{A93FE6C1-9FB6-4FB2-BFA9-F599DEFD8B60}"
EndProject
Global
	GlobalSection(SolutionConfigurationPlatforms) = preSolution
		Debug|Any CPU = Debug|Any CPU
		Release|Any CPU = Release|Any CPU
	EndGlobalSection
	GlobalSection(ProjectConfigurationPlatforms) = postSolution
		{3A71EAC0-BFC4-4F45-AE64-EFABA8D53757}.Debug|Any CPU.ActiveCfg = Debug|Any CPU
		{3A71EAC0-BFC4-4F45-AE64-EFABA8D53757}.Debug|Any CPU.Build.0 = Debug|Any CPU
		{3A71EAC0-BFC4-4F45-AE64-EFABA8D53757}.Release|Any CPU.ActiveCfg = Release|Any CPU
		{3A71EAC0-BFC4-4F45-AE64-EFABA8D53757}.Release|Any CPU.Build.0 = Release|Any CPU
		{A93FE6C1-9FB6-4FB2-BFA9-F599DEFD8B60}.Debug|Any CPU.ActiveCfg = Debug|Any CPU
		{A93FE6C1-9FB6-4FB2-BFA9-F599DEFD8B60}.Debug|Any CPU.Build.0 = Debug|Any CPU
		{A93FE6C1-9FB6-4FB2-BFA9-F599DEFD8B60}.Release|Any CPU.ActiveCfg = Release|Any CPU
		{A93FE6C1-9FB6-4FB2-BFA9-F599DEFD8B60}.Release|Any CPU.Build.0 = Release|Any CPU
	EndGlobalSection
	GlobalSection(SolutionProperties) = preSolution
		HideSolutionNode = FALSE
	EndGlobalSection
	GlobalSection(ExtensibilityGlobals) = postSolution
		SolutionGuid = {E35C81F5-E0BE-4E82-B2F3-1F7823E2DDC2}
	EndGlobalSection
EndGlobal
